// !$*UTF8*$!
{
	archiveVersion = 1;
	classes = {
	};
	objectVersion = 51;
	objects = {

/* Begin PBXBuildFile section */
		3A39C2162A180FC19B0A02A8 /* Pods_Secret0.framework in Frameworks */ = {isa = PBXBuildFile; fileRef = 7A14857A00B1AF57B0886564 /* Pods_Secret0.framework */; };
		B2827C4326D9A2BE00A86AF4 /* UserService.swift in Sources */ = {isa = PBXBuildFile; fileRef = B2827C4226D9A2BE00A86AF4 /* UserService.swift */; };
		B2827C4626DAE1D200A86AF4 /* NameOnboardingView.swift in Sources */ = {isa = PBXBuildFile; fileRef = B2827C4526DAE1D200A86AF4 /* NameOnboardingView.swift */; };
		B2C7ACEE26DB05C400D8F4B4 /* EmailOnboardingView.swift in Sources */ = {isa = PBXBuildFile; fileRef = B2C7ACED26DB05C400D8F4B4 /* EmailOnboardingView.swift */; };
		B2C7ACF326DB08AA00D8F4B4 /* BirthOnboardingView.swift in Sources */ = {isa = PBXBuildFile; fileRef = B2C7ACF226DB08A900D8F4B4 /* BirthOnboardingView.swift */; };
		B2C7ACF526DC2A9A00D8F4B4 /* NotifOnboarding.swift in Sources */ = {isa = PBXBuildFile; fileRef = B2C7ACF426DC2A9A00D8F4B4 /* NotifOnboarding.swift */; };
		B2C7ACF726DC979700D8F4B4 /* LocationOnboarding.swift in Sources */ = {isa = PBXBuildFile; fileRef = B2C7ACF626DC979700D8F4B4 /* LocationOnboarding.swift */; };
		B2C7ACFB26DC9B2E00D8F4B4 /* LocationViewModel.swift in Sources */ = {isa = PBXBuildFile; fileRef = B2C7ACFA26DC9B2E00D8F4B4 /* LocationViewModel.swift */; };
		B2C7ACFD26DC9E7100D8F4B4 /* genderOnboarding.swift in Sources */ = {isa = PBXBuildFile; fileRef = B2C7ACFC26DC9E7100D8F4B4 /* genderOnboarding.swift */; };
		B2C7ACFF26DC9F8F00D8F4B4 /* LocationDeniedView.swift in Sources */ = {isa = PBXBuildFile; fileRef = B2C7ACFE26DC9F8F00D8F4B4 /* LocationDeniedView.swift */; };
		B2C7AD0126DD667600D8F4B4 /* SexOnboardingView.swift in Sources */ = {isa = PBXBuildFile; fileRef = B2C7AD0026DD667600D8F4B4 /* SexOnboardingView.swift */; };
		B2C7AD0326DEA30500D8F4B4 /* RadioButtonView.swift in Sources */ = {isa = PBXBuildFile; fileRef = B2C7AD0226DEA30500D8F4B4 /* RadioButtonView.swift */; };
		B2C7AD0526DEA41500D8F4B4 /* DatePreferencesView.swift in Sources */ = {isa = PBXBuildFile; fileRef = B2C7AD0426DEA41500D8F4B4 /* DatePreferencesView.swift */; };
		B2C7AD0826DEE4B400D8F4B4 /* HeightPreferencesView.swift in Sources */ = {isa = PBXBuildFile; fileRef = B2C7AD0726DEE4B400D8F4B4 /* HeightPreferencesView.swift */; };
		B2C7AD0A26DEE91900D8F4B4 /* BreakIceOnboardingView.swift in Sources */ = {isa = PBXBuildFile; fileRef = B2C7AD0926DEE91900D8F4B4 /* BreakIceOnboardingView.swift */; };
		B2C7AD0C26DF2BC900D8F4B4 /* girls party small.jpg in Resources */ = {isa = PBXBuildFile; fileRef = B2C7AD0B26DF2BC900D8F4B4 /* girls party small.jpg */; };
		B2C7AD0E26DF2C8600D8F4B4 /* OnboardingQuestions.swift in Sources */ = {isa = PBXBuildFile; fileRef = B2C7AD0D26DF2C8600D8F4B4 /* OnboardingQuestions.swift */; };
		B2D2007F26D5E97600EDF6BD /* Secret0App.swift in Sources */ = {isa = PBXBuildFile; fileRef = B2D2007E26D5E97600EDF6BD /* Secret0App.swift */; };
		B2D2008126D5E97600EDF6BD /* ContentView.swift in Sources */ = {isa = PBXBuildFile; fileRef = B2D2008026D5E97600EDF6BD /* ContentView.swift */; };
		B2D2008326D5E97700EDF6BD /* Assets.xcassets in Resources */ = {isa = PBXBuildFile; fileRef = B2D2008226D5E97700EDF6BD /* Assets.xcassets */; };
		B2D2008626D5E97700EDF6BD /* Preview Assets.xcassets in Resources */ = {isa = PBXBuildFile; fileRef = B2D2008526D5E97700EDF6BD /* Preview Assets.xcassets */; };
		B2D2008826D5E97700EDF6BD /* Persistence.swift in Sources */ = {isa = PBXBuildFile; fileRef = B2D2008726D5E97700EDF6BD /* Persistence.swift */; };
		B2D2008B26D5E97700EDF6BD /* Secret0.xcdatamodeld in Sources */ = {isa = PBXBuildFile; fileRef = B2D2008926D5E97700EDF6BD /* Secret0.xcdatamodeld */; };
		B2D2009326D5EA0100EDF6BD /* GoogleService-Info.plist in Resources */ = {isa = PBXBuildFile; fileRef = B2D2009226D5EA0100EDF6BD /* GoogleService-Info.plist */; };
		B2D2009526D5EE2D00EDF6BD /* Constants.swift in Sources */ = {isa = PBXBuildFile; fileRef = B2D2009426D5EE2D00EDF6BD /* Constants.swift */; };
		B2D2009B26D5EF8000EDF6BD /* UserService.swift in Sources */ = {isa = PBXBuildFile; fileRef = B2D2009A26D5EF7F00EDF6BD /* UserService.swift */; };
		B2D200A526D5F15E00EDF6BD /* Models.swift in Sources */ = {isa = PBXBuildFile; fileRef = B2D200A426D5F15E00EDF6BD /* Models.swift */; };
		B2D200A926D69FE600EDF6BD /* ContentModel.swift in Sources */ = {isa = PBXBuildFile; fileRef = B2D200A826D69FE600EDF6BD /* ContentModel.swift */; };
		B2D200B326D6B23700EDF6BD /* LaunchLogicView.swift in Sources */ = {isa = PBXBuildFile; fileRef = B2D200B226D6B23700EDF6BD /* LaunchLogicView.swift */; };
		B2D200B526D6C8CA00EDF6BD /* LoginSignUpView.swift in Sources */ = {isa = PBXBuildFile; fileRef = B2D200B426D6C8CA00EDF6BD /* LoginSignUpView.swift */; };
		B2D200B726D6CFD700EDF6BD /* WelcomeVideo.swift in Sources */ = {isa = PBXBuildFile; fileRef = B2D200B626D6CFD700EDF6BD /* WelcomeVideo.swift */; };
		B2D200BA26D6D2C600EDF6BD /* welcome.mp4 in Resources */ = {isa = PBXBuildFile; fileRef = B2D200B926D6D25300EDF6BD /* welcome.mp4 */; };
		B2D9C9A026E147B400965841 /* HomeView.swift in Sources */ = {isa = PBXBuildFile; fileRef = B2D9C99F26E147B400965841 /* HomeView.swift */; };
/* End PBXBuildFile section */

/* Begin PBXFileReference section */
		6EB7D463FD91ACDC9B3A9074 /* Pods-Secret0.release.xcconfig */ = {isa = PBXFileReference; includeInIndex = 1; lastKnownFileType = text.xcconfig; name = "Pods-Secret0.release.xcconfig"; path = "Target Support Files/Pods-Secret0/Pods-Secret0.release.xcconfig"; sourceTree = "<group>"; };
		7A14857A00B1AF57B0886564 /* Pods_Secret0.framework */ = {isa = PBXFileReference; explicitFileType = wrapper.framework; includeInIndex = 0; path = Pods_Secret0.framework; sourceTree = BUILT_PRODUCTS_DIR; };
		7CF2A57273FCC5287FBD5105 /* Pods-Secret0.debug.xcconfig */ = {isa = PBXFileReference; includeInIndex = 1; lastKnownFileType = text.xcconfig; name = "Pods-Secret0.debug.xcconfig"; path = "Target Support Files/Pods-Secret0/Pods-Secret0.debug.xcconfig"; sourceTree = "<group>"; };
		B2827C4226D9A2BE00A86AF4 /* UserService.swift */ = {isa = PBXFileReference; lastKnownFileType = sourcecode.swift; path = UserService.swift; sourceTree = "<group>"; };
		B2827C4526DAE1D200A86AF4 /* NameOnboardingView.swift */ = {isa = PBXFileReference; lastKnownFileType = sourcecode.swift; path = NameOnboardingView.swift; sourceTree = "<group>"; };
		B2C7ACED26DB05C400D8F4B4 /* EmailOnboardingView.swift */ = {isa = PBXFileReference; lastKnownFileType = sourcecode.swift; path = EmailOnboardingView.swift; sourceTree = "<group>"; };
		B2C7ACF226DB08A900D8F4B4 /* BirthOnboardingView.swift */ = {isa = PBXFileReference; lastKnownFileType = sourcecode.swift; path = BirthOnboardingView.swift; sourceTree = "<group>"; };
		B2C7ACF426DC2A9A00D8F4B4 /* NotifOnboarding.swift */ = {isa = PBXFileReference; lastKnownFileType = sourcecode.swift; path = NotifOnboarding.swift; sourceTree = "<group>"; };
		B2C7ACF626DC979700D8F4B4 /* LocationOnboarding.swift */ = {isa = PBXFileReference; lastKnownFileType = sourcecode.swift; path = LocationOnboarding.swift; sourceTree = "<group>"; };
		B2C7ACFA26DC9B2E00D8F4B4 /* LocationViewModel.swift */ = {isa = PBXFileReference; lastKnownFileType = sourcecode.swift; path = LocationViewModel.swift; sourceTree = "<group>"; };
		B2C7ACFC26DC9E7100D8F4B4 /* genderOnboarding.swift */ = {isa = PBXFileReference; lastKnownFileType = sourcecode.swift; path = genderOnboarding.swift; sourceTree = "<group>"; };
		B2C7ACFE26DC9F8F00D8F4B4 /* LocationDeniedView.swift */ = {isa = PBXFileReference; lastKnownFileType = sourcecode.swift; path = LocationDeniedView.swift; sourceTree = "<group>"; };
		B2C7AD0026DD667600D8F4B4 /* SexOnboardingView.swift */ = {isa = PBXFileReference; lastKnownFileType = sourcecode.swift; path = SexOnboardingView.swift; sourceTree = "<group>"; };
		B2C7AD0226DEA30500D8F4B4 /* RadioButtonView.swift */ = {isa = PBXFileReference; lastKnownFileType = sourcecode.swift; path = RadioButtonView.swift; sourceTree = "<group>"; };
		B2C7AD0426DEA41500D8F4B4 /* DatePreferencesView.swift */ = {isa = PBXFileReference; lastKnownFileType = sourcecode.swift; path = DatePreferencesView.swift; sourceTree = "<group>"; };
		B2C7AD0726DEE4B400D8F4B4 /* HeightPreferencesView.swift */ = {isa = PBXFileReference; lastKnownFileType = sourcecode.swift; path = HeightPreferencesView.swift; sourceTree = "<group>"; };
		B2C7AD0926DEE91900D8F4B4 /* BreakIceOnboardingView.swift */ = {isa = PBXFileReference; lastKnownFileType = sourcecode.swift; path = BreakIceOnboardingView.swift; sourceTree = "<group>"; };
		B2C7AD0B26DF2BC900D8F4B4 /* girls party small.jpg */ = {isa = PBXFileReference; lastKnownFileType = image.jpeg; path = "girls party small.jpg"; sourceTree = "<group>"; };
		B2C7AD0D26DF2C8600D8F4B4 /* OnboardingQuestions.swift */ = {isa = PBXFileReference; lastKnownFileType = sourcecode.swift; path = OnboardingQuestions.swift; sourceTree = "<group>"; };
		B2D2007B26D5E97600EDF6BD /* Secret0.app */ = {isa = PBXFileReference; explicitFileType = wrapper.application; includeInIndex = 0; path = Secret0.app; sourceTree = BUILT_PRODUCTS_DIR; };
		B2D2007E26D5E97600EDF6BD /* Secret0App.swift */ = {isa = PBXFileReference; lastKnownFileType = sourcecode.swift; path = Secret0App.swift; sourceTree = "<group>"; };
		B2D2008026D5E97600EDF6BD /* ContentView.swift */ = {isa = PBXFileReference; lastKnownFileType = sourcecode.swift; path = ContentView.swift; sourceTree = "<group>"; };
		B2D2008226D5E97700EDF6BD /* Assets.xcassets */ = {isa = PBXFileReference; lastKnownFileType = folder.assetcatalog; path = Assets.xcassets; sourceTree = "<group>"; };
		B2D2008526D5E97700EDF6BD /* Preview Assets.xcassets */ = {isa = PBXFileReference; lastKnownFileType = folder.assetcatalog; path = "Preview Assets.xcassets"; sourceTree = "<group>"; };
		B2D2008726D5E97700EDF6BD /* Persistence.swift */ = {isa = PBXFileReference; lastKnownFileType = sourcecode.swift; path = Persistence.swift; sourceTree = "<group>"; };
		B2D2008A26D5E97700EDF6BD /* Secret0.xcdatamodel */ = {isa = PBXFileReference; lastKnownFileType = wrapper.xcdatamodel; path = Secret0.xcdatamodel; sourceTree = "<group>"; };
		B2D2008C26D5E97700EDF6BD /* Info.plist */ = {isa = PBXFileReference; lastKnownFileType = text.plist.xml; path = Info.plist; sourceTree = "<group>"; };
		B2D2009226D5EA0100EDF6BD /* GoogleService-Info.plist */ = {isa = PBXFileReference; fileEncoding = 4; lastKnownFileType = text.plist.xml; path = "GoogleService-Info.plist"; sourceTree = "<group>"; };
		B2D2009426D5EE2D00EDF6BD /* Constants.swift */ = {isa = PBXFileReference; lastKnownFileType = sourcecode.swift; path = Constants.swift; sourceTree = "<group>"; };
		B2D2009A26D5EF7F00EDF6BD /* UserService.swift */ = {isa = PBXFileReference; lastKnownFileType = sourcecode.swift; path = UserService.swift; sourceTree = "<group>"; };
		B2D200A426D5F15E00EDF6BD /* Models.swift */ = {isa = PBXFileReference; lastKnownFileType = sourcecode.swift; path = Models.swift; sourceTree = "<group>"; };
		B2D200A826D69FE600EDF6BD /* ContentModel.swift */ = {isa = PBXFileReference; lastKnownFileType = sourcecode.swift; path = ContentModel.swift; sourceTree = "<group>"; };
		B2D200B226D6B23700EDF6BD /* LaunchLogicView.swift */ = {isa = PBXFileReference; lastKnownFileType = sourcecode.swift; path = LaunchLogicView.swift; sourceTree = "<group>"; };
		B2D200B426D6C8CA00EDF6BD /* LoginSignUpView.swift */ = {isa = PBXFileReference; lastKnownFileType = sourcecode.swift; path = LoginSignUpView.swift; sourceTree = "<group>"; };
		B2D200B626D6CFD700EDF6BD /* WelcomeVideo.swift */ = {isa = PBXFileReference; lastKnownFileType = sourcecode.swift; path = WelcomeVideo.swift; sourceTree = "<group>"; };
		B2D200B926D6D25300EDF6BD /* welcome.mp4 */ = {isa = PBXFileReference; lastKnownFileType = file; path = welcome.mp4; sourceTree = "<group>"; };
		B2D9C99F26E147B400965841 /* HomeView.swift */ = {isa = PBXFileReference; lastKnownFileType = sourcecode.swift; path = HomeView.swift; sourceTree = "<group>"; };
/* End PBXFileReference section */

/* Begin PBXFrameworksBuildPhase section */
		B2D2007826D5E97600EDF6BD /* Frameworks */ = {
			isa = PBXFrameworksBuildPhase;
			buildActionMask = 2147483647;
			files = (
				3A39C2162A180FC19B0A02A8 /* Pods_Secret0.framework in Frameworks */,
			);
			runOnlyForDeploymentPostprocessing = 0;
		};
/* End PBXFrameworksBuildPhase section */

/* Begin PBXGroup section */
		696BF379D87E040411C43D41 /* Frameworks */ = {
			isa = PBXGroup;
			children = (
				7A14857A00B1AF57B0886564 /* Pods_Secret0.framework */,
			);
			name = Frameworks;
			sourceTree = "<group>";
		};
		B2827C4426DAE1A500A86AF4 /* Onboarding screens */ = {
			isa = PBXGroup;
			children = (
				B2827C4526DAE1D200A86AF4 /* NameOnboardingView.swift */,
				B2C7ACED26DB05C400D8F4B4 /* EmailOnboardingView.swift */,
				B2C7ACF226DB08A900D8F4B4 /* BirthOnboardingView.swift */,
				B2C7ACF426DC2A9A00D8F4B4 /* NotifOnboarding.swift */,
				B2C7ACF626DC979700D8F4B4 /* LocationOnboarding.swift */,
				B2C7ACFE26DC9F8F00D8F4B4 /* LocationDeniedView.swift */,
				B2C7ACFC26DC9E7100D8F4B4 /* genderOnboarding.swift */,
				B2C7AD0026DD667600D8F4B4 /* SexOnboardingView.swift */,
				B2C7AD0426DEA41500D8F4B4 /* DatePreferencesView.swift */,
				B2C7AD0726DEE4B400D8F4B4 /* HeightPreferencesView.swift */,
				B2C7AD0926DEE91900D8F4B4 /* BreakIceOnboardingView.swift */,
				B2C7AD0D26DF2C8600D8F4B4 /* OnboardingQuestions.swift */,
				B2C7AD0226DEA30500D8F4B4 /* RadioButtonView.swift */,
			);
			path = "Onboarding screens";
			sourceTree = "<group>";
		};
		B2827C4A26DAEE2000A86AF4 /* CoreData */ = {
			isa = PBXGroup;
			children = (
				B2D2008926D5E97700EDF6BD /* Secret0.xcdatamodeld */,
				B2D2008726D5E97700EDF6BD /* Persistence.swift */,
			);
			path = CoreData;
			sourceTree = "<group>";
		};
		B2D2007226D5E97600EDF6BD = {
			isa = PBXGroup;
			children = (
				B2D2007D26D5E97600EDF6BD /* Secret0 */,
				B2D2007C26D5E97600EDF6BD /* Products */,
				C5B4963D4C623E5763A76102 /* Pods */,
				696BF379D87E040411C43D41 /* Frameworks */,
			);
			sourceTree = "<group>";
		};
		B2D2007C26D5E97600EDF6BD /* Products */ = {
			isa = PBXGroup;
			children = (
				B2D2007B26D5E97600EDF6BD /* Secret0.app */,
			);
			name = Products;
			sourceTree = "<group>";
		};
		B2D2007D26D5E97600EDF6BD /* Secret0 */ = {
			isa = PBXGroup;
			children = (
				B2D2007E26D5E97600EDF6BD /* Secret0App.swift */,
				B2D200B226D6B23700EDF6BD /* LaunchLogicView.swift */,
				B2D200B426D6C8CA00EDF6BD /* LoginSignUpView.swift */,
				B2D9C99F26E147B400965841 /* HomeView.swift */,
				B2D200B826D6D0CF00EDF6BD /* Landing */,
				B2827C4A26DAEE2000A86AF4 /* CoreData */,
				B2827C4426DAE1A500A86AF4 /* Onboarding screens */,
				B2D200A626D69FC100EDF6BD /* ViewModel */,
				B2D2008026D5E97600EDF6BD /* ContentView.swift */,
				B2D200AA26D6A08D00EDF6BD /* Account */,
				B2D200A126D5F06400EDF6BD /* Models */,
				B2D2008226D5E97700EDF6BD /* Assets.xcassets */,
				B2C7AD0B26DF2BC900D8F4B4 /* girls party small.jpg */,
				B2D200B926D6D25300EDF6BD /* welcome.mp4 */,
				B2D2009626D5EE7900EDF6BD /* Helpers */,
				B2D2008C26D5E97700EDF6BD /* Info.plist */,
				B2D2009226D5EA0100EDF6BD /* GoogleService-Info.plist */,
				B2D2008426D5E97700EDF6BD /* Preview Content */,
			);
			path = Secret0;
			sourceTree = "<group>";
		};
		B2D2008426D5E97700EDF6BD /* Preview Content */ = {
			isa = PBXGroup;
			children = (
				B2D2008526D5E97700EDF6BD /* Preview Assets.xcassets */,
			);
			path = "Preview Content";
			sourceTree = "<group>";
		};
		B2D2009626D5EE7900EDF6BD /* Helpers */ = {
			isa = PBXGroup;
			children = (
				B2D2009426D5EE2D00EDF6BD /* Constants.swift */,
				B2D2009A26D5EF7F00EDF6BD /* UserService.swift */,
				B2827C4226D9A2BE00A86AF4 /* UserService.swift */,
			);
			path = Helpers;
			sourceTree = "<group>";
		};
		B2D200A126D5F06400EDF6BD /* Models */ = {
			isa = PBXGroup;
			children = (
				B2D200A426D5F15E00EDF6BD /* Models.swift */,
			);
			path = Models;
			sourceTree = "<group>";
		};
		B2D200A626D69FC100EDF6BD /* ViewModel */ = {
			isa = PBXGroup;
			children = (
				B2D200A826D69FE600EDF6BD /* ContentModel.swift */,
				B2C7ACFA26DC9B2E00D8F4B4 /* LocationViewModel.swift */,
			);
			path = ViewModel;
			sourceTree = "<group>";
		};
		B2D200AA26D6A08D00EDF6BD /* Account */ = {
			isa = PBXGroup;
			children = (
			);
			path = Account;
			sourceTree = "<group>";
		};
		B2D200B826D6D0CF00EDF6BD /* Landing */ = {
			isa = PBXGroup;
			children = (
				B2D200B626D6CFD700EDF6BD /* WelcomeVideo.swift */,
			);
			path = Landing;
			sourceTree = "<group>";
		};
		C5B4963D4C623E5763A76102 /* Pods */ = {
			isa = PBXGroup;
			children = (
				7CF2A57273FCC5287FBD5105 /* Pods-Secret0.debug.xcconfig */,
				6EB7D463FD91ACDC9B3A9074 /* Pods-Secret0.release.xcconfig */,
			);
			path = Pods;
			sourceTree = "<group>";
		};
/* End PBXGroup section */

/* Begin PBXNativeTarget section */
		B2D2007A26D5E97600EDF6BD /* Secret0 */ = {
			isa = PBXNativeTarget;
			buildConfigurationList = B2D2008F26D5E97700EDF6BD /* Build configuration list for PBXNativeTarget "Secret0" */;
			buildPhases = (
				D268695C5F6945AA215DF40A /* [CP] Check Pods Manifest.lock */,
				B2D2007726D5E97600EDF6BD /* Sources */,
				B2D2007826D5E97600EDF6BD /* Frameworks */,
				B2D2007926D5E97600EDF6BD /* Resources */,
				39E4E0C2A3E997A61BA6B18F /* [CP] Embed Pods Frameworks */,
			);
			buildRules = (
			);
			dependencies = (
			);
			name = Secret0;
			productName = Secret0;
			productReference = B2D2007B26D5E97600EDF6BD /* Secret0.app */;
			productType = "com.apple.product-type.application";
		};
/* End PBXNativeTarget section */

/* Begin PBXProject section */
		B2D2007326D5E97600EDF6BD /* Project object */ = {
			isa = PBXProject;
			attributes = {
				LastSwiftUpdateCheck = 1250;
				LastUpgradeCheck = 1250;
				TargetAttributes = {
					B2D2007A26D5E97600EDF6BD = {
						CreatedOnToolsVersion = 12.5.1;
					};
				};
			};
			buildConfigurationList = B2D2007626D5E97600EDF6BD /* Build configuration list for PBXProject "Secret0" */;
			compatibilityVersion = "Xcode 9.3";
			developmentRegion = en;
			hasScannedForEncodings = 0;
			knownRegions = (
				en,
				Base,
			);
			mainGroup = B2D2007226D5E97600EDF6BD;
			productRefGroup = B2D2007C26D5E97600EDF6BD /* Products */;
			projectDirPath = "";
			projectRoot = "";
			targets = (
				B2D2007A26D5E97600EDF6BD /* Secret0 */,
			);
		};
/* End PBXProject section */

/* Begin PBXResourcesBuildPhase section */
		B2D2007926D5E97600EDF6BD /* Resources */ = {
			isa = PBXResourcesBuildPhase;
			buildActionMask = 2147483647;
			files = (
				B2D2008626D5E97700EDF6BD /* Preview Assets.xcassets in Resources */,
				B2D2009326D5EA0100EDF6BD /* GoogleService-Info.plist in Resources */,
				B2D200BA26D6D2C600EDF6BD /* welcome.mp4 in Resources */,
				B2D2008326D5E97700EDF6BD /* Assets.xcassets in Resources */,
				B2C7AD0C26DF2BC900D8F4B4 /* girls party small.jpg in Resources */,
			);
			runOnlyForDeploymentPostprocessing = 0;
		};
/* End PBXResourcesBuildPhase section */

/* Begin PBXShellScriptBuildPhase section */
		39E4E0C2A3E997A61BA6B18F /* [CP] Embed Pods Frameworks */ = {
			isa = PBXShellScriptBuildPhase;
			buildActionMask = 2147483647;
			files = (
			);
			inputFileListPaths = (
				"${PODS_ROOT}/Target Support Files/Pods-Secret0/Pods-Secret0-frameworks-${CONFIGURATION}-input-files.xcfilelist",
			);
			name = "[CP] Embed Pods Frameworks";
			outputFileListPaths = (
				"${PODS_ROOT}/Target Support Files/Pods-Secret0/Pods-Secret0-frameworks-${CONFIGURATION}-output-files.xcfilelist",
			);
			runOnlyForDeploymentPostprocessing = 0;
			shellPath = /bin/sh;
			shellScript = "\"${PODS_ROOT}/Target Support Files/Pods-Secret0/Pods-Secret0-frameworks.sh\"\n";
			showEnvVarsInLog = 0;
		};
		D268695C5F6945AA215DF40A /* [CP] Check Pods Manifest.lock */ = {
			isa = PBXShellScriptBuildPhase;
			buildActionMask = 2147483647;
			files = (
			);
			inputFileListPaths = (
			);
			inputPaths = (
				"${PODS_PODFILE_DIR_PATH}/Podfile.lock",
				"${PODS_ROOT}/Manifest.lock",
			);
			name = "[CP] Check Pods Manifest.lock";
			outputFileListPaths = (
			);
			outputPaths = (
				"$(DERIVED_FILE_DIR)/Pods-Secret0-checkManifestLockResult.txt",
			);
			runOnlyForDeploymentPostprocessing = 0;
			shellPath = /bin/sh;
			shellScript = "diff \"${PODS_PODFILE_DIR_PATH}/Podfile.lock\" \"${PODS_ROOT}/Manifest.lock\" > /dev/null\nif [ $? != 0 ] ; then\n    # print error to STDERR\n    echo \"error: The sandbox is not in sync with the Podfile.lock. Run 'pod install' or update your CocoaPods installation.\" >&2\n    exit 1\nfi\n# This output is used by Xcode 'outputs' to avoid re-running this script phase.\necho \"SUCCESS\" > \"${SCRIPT_OUTPUT_FILE_0}\"\n";
			showEnvVarsInLog = 0;
		};
/* End PBXShellScriptBuildPhase section */

/* Begin PBXSourcesBuildPhase section */
		B2D2007726D5E97600EDF6BD /* Sources */ = {
			isa = PBXSourcesBuildPhase;
			buildActionMask = 2147483647;
			files = (
				B2D9C9A026E147B400965841 /* HomeView.swift in Sources */,
				B2D2009B26D5EF8000EDF6BD /* UserService.swift in Sources */,
				B2C7ACF326DB08AA00D8F4B4 /* BirthOnboardingView.swift in Sources */,
				B2C7AD0826DEE4B400D8F4B4 /* HeightPreferencesView.swift in Sources */,
				B2D2009526D5EE2D00EDF6BD /* Constants.swift in Sources */,
				B2D200B326D6B23700EDF6BD /* LaunchLogicView.swift in Sources */,
				B2D2008826D5E97700EDF6BD /* Persistence.swift in Sources */,
				B2C7AD0E26DF2C8600D8F4B4 /* OnboardingQuestions.swift in Sources */,
				B2D200B526D6C8CA00EDF6BD /* LoginSignUpView.swift in Sources */,
				B2827C4626DAE1D200A86AF4 /* NameOnboardingView.swift in Sources */,
				B2C7ACF526DC2A9A00D8F4B4 /* NotifOnboarding.swift in Sources */,
				B2C7ACFD26DC9E7100D8F4B4 /* genderOnboarding.swift in Sources */,
				B2C7AD0526DEA41500D8F4B4 /* DatePreferencesView.swift in Sources */,
				B2D2008126D5E97600EDF6BD /* ContentView.swift in Sources */,
				B2C7AD0A26DEE91900D8F4B4 /* BreakIceOnboardingView.swift in Sources */,
				B2D200A526D5F15E00EDF6BD /* Models.swift in Sources */,
				B2D200A926D69FE600EDF6BD /* ContentModel.swift in Sources */,
				B2C7ACEE26DB05C400D8F4B4 /* EmailOnboardingView.swift in Sources */,
				B2C7AD0126DD667600D8F4B4 /* SexOnboardingView.swift in Sources */,
				B2C7ACFB26DC9B2E00D8F4B4 /* LocationViewModel.swift in Sources */,
				B2C7ACF726DC979700D8F4B4 /* LocationOnboarding.swift in Sources */,
				B2C7AD0326DEA30500D8F4B4 /* RadioButtonView.swift in Sources */,
				B2827C4326D9A2BE00A86AF4 /* UserService.swift in Sources */,
				B2C7ACFF26DC9F8F00D8F4B4 /* LocationDeniedView.swift in Sources */,
				B2D200B726D6CFD700EDF6BD /* WelcomeVideo.swift in Sources */,
				B2D2008B26D5E97700EDF6BD /* Secret0.xcdatamodeld in Sources */,
				B2D2007F26D5E97600EDF6BD /* Secret0App.swift in Sources */,
			);
			runOnlyForDeploymentPostprocessing = 0;
		};
/* End PBXSourcesBuildPhase section */

/* Begin XCBuildConfiguration section */
		B2D2008D26D5E97700EDF6BD /* Debug */ = {
			isa = XCBuildConfiguration;
			buildSettings = {
				ALWAYS_SEARCH_USER_PATHS = NO;
				CLANG_ANALYZER_NONNULL = YES;
				CLANG_ANALYZER_NUMBER_OBJECT_CONVERSION = YES_AGGRESSIVE;
				CLANG_CXX_LANGUAGE_STANDARD = "gnu++14";
				CLANG_CXX_LIBRARY = "libc++";
				CLANG_ENABLE_MODULES = YES;
				CLANG_ENABLE_OBJC_ARC = YES;
				CLANG_ENABLE_OBJC_WEAK = YES;
				CLANG_WARN_BLOCK_CAPTURE_AUTORELEASING = YES;
				CLANG_WARN_BOOL_CONVERSION = YES;
				CLANG_WARN_COMMA = YES;
				CLANG_WARN_CONSTANT_CONVERSION = YES;
				CLANG_WARN_DEPRECATED_OBJC_IMPLEMENTATIONS = YES;
				CLANG_WARN_DIRECT_OBJC_ISA_USAGE = YES_ERROR;
				CLANG_WARN_DOCUMENTATION_COMMENTS = YES;
				CLANG_WARN_EMPTY_BODY = YES;
				CLANG_WARN_ENUM_CONVERSION = YES;
				CLANG_WARN_INFINITE_RECURSION = YES;
				CLANG_WARN_INT_CONVERSION = YES;
				CLANG_WARN_NON_LITERAL_NULL_CONVERSION = YES;
				CLANG_WARN_OBJC_IMPLICIT_RETAIN_SELF = YES;
				CLANG_WARN_OBJC_LITERAL_CONVERSION = YES;
				CLANG_WARN_OBJC_ROOT_CLASS = YES_ERROR;
				CLANG_WARN_QUOTED_INCLUDE_IN_FRAMEWORK_HEADER = YES;
				CLANG_WARN_RANGE_LOOP_ANALYSIS = YES;
				CLANG_WARN_STRICT_PROTOTYPES = YES;
				CLANG_WARN_SUSPICIOUS_MOVE = YES;
				CLANG_WARN_UNGUARDED_AVAILABILITY = YES_AGGRESSIVE;
				CLANG_WARN_UNREACHABLE_CODE = YES;
				CLANG_WARN__DUPLICATE_METHOD_MATCH = YES;
				COPY_PHASE_STRIP = NO;
				DEBUG_INFORMATION_FORMAT = dwarf;
				ENABLE_STRICT_OBJC_MSGSEND = YES;
				ENABLE_TESTABILITY = YES;
				GCC_C_LANGUAGE_STANDARD = gnu11;
				GCC_DYNAMIC_NO_PIC = NO;
				GCC_NO_COMMON_BLOCKS = YES;
				GCC_OPTIMIZATION_LEVEL = 0;
				GCC_PREPROCESSOR_DEFINITIONS = (
					"DEBUG=1",
					"$(inherited)",
				);
				GCC_WARN_64_TO_32_BIT_CONVERSION = YES;
				GCC_WARN_ABOUT_RETURN_TYPE = YES_ERROR;
				GCC_WARN_UNDECLARED_SELECTOR = YES;
				GCC_WARN_UNINITIALIZED_AUTOS = YES_AGGRESSIVE;
				GCC_WARN_UNUSED_FUNCTION = YES;
				GCC_WARN_UNUSED_VARIABLE = YES;
				IPHONEOS_DEPLOYMENT_TARGET = 14.5;
				MTL_ENABLE_DEBUG_INFO = INCLUDE_SOURCE;
				MTL_FAST_MATH = YES;
				ONLY_ACTIVE_ARCH = YES;
				SDKROOT = iphoneos;
				SWIFT_ACTIVE_COMPILATION_CONDITIONS = DEBUG;
				SWIFT_OPTIMIZATION_LEVEL = "-Onone";
			};
			name = Debug;
		};
		B2D2008E26D5E97700EDF6BD /* Release */ = {
			isa = XCBuildConfiguration;
			buildSettings = {
				ALWAYS_SEARCH_USER_PATHS = NO;
				CLANG_ANALYZER_NONNULL = YES;
				CLANG_ANALYZER_NUMBER_OBJECT_CONVERSION = YES_AGGRESSIVE;
				CLANG_CXX_LANGUAGE_STANDARD = "gnu++14";
				CLANG_CXX_LIBRARY = "libc++";
				CLANG_ENABLE_MODULES = YES;
				CLANG_ENABLE_OBJC_ARC = YES;
				CLANG_ENABLE_OBJC_WEAK = YES;
				CLANG_WARN_BLOCK_CAPTURE_AUTORELEASING = YES;
				CLANG_WARN_BOOL_CONVERSION = YES;
				CLANG_WARN_COMMA = YES;
				CLANG_WARN_CONSTANT_CONVERSION = YES;
				CLANG_WARN_DEPRECATED_OBJC_IMPLEMENTATIONS = YES;
				CLANG_WARN_DIRECT_OBJC_ISA_USAGE = YES_ERROR;
				CLANG_WARN_DOCUMENTATION_COMMENTS = YES;
				CLANG_WARN_EMPTY_BODY = YES;
				CLANG_WARN_ENUM_CONVERSION = YES;
				CLANG_WARN_INFINITE_RECURSION = YES;
				CLANG_WARN_INT_CONVERSION = YES;
				CLANG_WARN_NON_LITERAL_NULL_CONVERSION = YES;
				CLANG_WARN_OBJC_IMPLICIT_RETAIN_SELF = YES;
				CLANG_WARN_OBJC_LITERAL_CONVERSION = YES;
				CLANG_WARN_OBJC_ROOT_CLASS = YES_ERROR;
				CLANG_WARN_QUOTED_INCLUDE_IN_FRAMEWORK_HEADER = YES;
				CLANG_WARN_RANGE_LOOP_ANALYSIS = YES;
				CLANG_WARN_STRICT_PROTOTYPES = YES;
				CLANG_WARN_SUSPICIOUS_MOVE = YES;
				CLANG_WARN_UNGUARDED_AVAILABILITY = YES_AGGRESSIVE;
				CLANG_WARN_UNREACHABLE_CODE = YES;
				CLANG_WARN__DUPLICATE_METHOD_MATCH = YES;
				COPY_PHASE_STRIP = NO;
				DEBUG_INFORMATION_FORMAT = "dwarf-with-dsym";
				ENABLE_NS_ASSERTIONS = NO;
				ENABLE_STRICT_OBJC_MSGSEND = YES;
				GCC_C_LANGUAGE_STANDARD = gnu11;
				GCC_NO_COMMON_BLOCKS = YES;
				GCC_WARN_64_TO_32_BIT_CONVERSION = YES;
				GCC_WARN_ABOUT_RETURN_TYPE = YES_ERROR;
				GCC_WARN_UNDECLARED_SELECTOR = YES;
				GCC_WARN_UNINITIALIZED_AUTOS = YES_AGGRESSIVE;
				GCC_WARN_UNUSED_FUNCTION = YES;
				GCC_WARN_UNUSED_VARIABLE = YES;
				IPHONEOS_DEPLOYMENT_TARGET = 14.5;
				MTL_ENABLE_DEBUG_INFO = NO;
				MTL_FAST_MATH = YES;
				SDKROOT = iphoneos;
				SWIFT_COMPILATION_MODE = wholemodule;
				SWIFT_OPTIMIZATION_LEVEL = "-O";
				VALIDATE_PRODUCT = YES;
			};
			name = Release;
		};
		B2D2009026D5E97700EDF6BD /* Debug */ = {
			isa = XCBuildConfiguration;
			baseConfigurationReference = 7CF2A57273FCC5287FBD5105 /* Pods-Secret0.debug.xcconfig */;
			buildSettings = {
				ASSETCATALOG_COMPILER_APPICON_NAME = AppIcon;
				ASSETCATALOG_COMPILER_GLOBAL_ACCENT_COLOR_NAME = AccentColor;
				CODE_SIGN_STYLE = Automatic;
				DEVELOPMENT_ASSET_PATHS = "\"Secret0/Preview Content\"";
				DEVELOPMENT_TEAM = 3RF2T64DCN;
				ENABLE_PREVIEWS = YES;
				INFOPLIST_FILE = Secret0/Info.plist;
				IPHONEOS_DEPLOYMENT_TARGET = 14.0;
				LD_RUNPATH_SEARCH_PATHS = (
					"$(inherited)",
					"@executable_path/Frameworks",
				);
				PRODUCT_BUNDLE_IDENTIFIER = serrano.Secret0;
				PRODUCT_NAME = "$(TARGET_NAME)";
				SWIFT_VERSION = 5.0;
				TARGETED_DEVICE_FAMILY = "1,2";
			};
			name = Debug;
		};
		B2D2009126D5E97700EDF6BD /* Release */ = {
			isa = XCBuildConfiguration;
			baseConfigurationReference = 6EB7D463FD91ACDC9B3A9074 /* Pods-Secret0.release.xcconfig */;
			buildSettings = {
				ASSETCATALOG_COMPILER_APPICON_NAME = AppIcon;
				ASSETCATALOG_COMPILER_GLOBAL_ACCENT_COLOR_NAME = AccentColor;
				CODE_SIGN_STYLE = Automatic;
				DEVELOPMENT_ASSET_PATHS = "\"Secret0/Preview Content\"";
				DEVELOPMENT_TEAM = 3RF2T64DCN;
				ENABLE_PREVIEWS = YES;
				INFOPLIST_FILE = Secret0/Info.plist;
				IPHONEOS_DEPLOYMENT_TARGET = 14.0;
				LD_RUNPATH_SEARCH_PATHS = (
					"$(inherited)",
					"@executable_path/Frameworks",
				);
				PRODUCT_BUNDLE_IDENTIFIER = serrano.Secret0;
				PRODUCT_NAME = "$(TARGET_NAME)";
				SWIFT_VERSION = 5.0;
				TARGETED_DEVICE_FAMILY = "1,2";
			};
			name = Release;
		};
/* End XCBuildConfiguration section */

/* Begin XCConfigurationList section */
		B2D2007626D5E97600EDF6BD /* Build configuration list for PBXProject "Secret0" */ = {
			isa = XCConfigurationList;
			buildConfigurations = (
				B2D2008D26D5E97700EDF6BD /* Debug */,
				B2D2008E26D5E97700EDF6BD /* Release */,
			);
			defaultConfigurationIsVisible = 0;
			defaultConfigurationName = Release;
		};
		B2D2008F26D5E97700EDF6BD /* Build configuration list for PBXNativeTarget "Secret0" */ = {
			isa = XCConfigurationList;
			buildConfigurations = (
				B2D2009026D5E97700EDF6BD /* Debug */,
				B2D2009126D5E97700EDF6BD /* Release */,
			);
			defaultConfigurationIsVisible = 0;
			defaultConfigurationName = Release;
		};
/* End XCConfigurationList section */

/* Begin XCVersionGroup section */
		B2D2008926D5E97700EDF6BD /* Secret0.xcdatamodeld */ = {
			isa = XCVersionGroup;
			children = (
				B2D2008A26D5E97700EDF6BD /* Secret0.xcdatamodel */,
			);
			currentVersion = B2D2008A26D5E97700EDF6BD /* Secret0.xcdatamodel */;
			path = Secret0.xcdatamodeld;
			sourceTree = "<group>";
			versionGroupType = wrapper.xcdatamodel;
		};
/* End XCVersionGroup section */
	};
	rootObject = B2D2007326D5E97600EDF6BD /* Project object */;
}
